
Microsoft Visual Studio Solution File, Format Version 12.00
# Visual Studio Version 16
VisualStudioVersion = 16.0.31105.61
MinimumVisualStudioVersion = 10.0.40219.1
Project("{9A19103F-16F7-4668-BE54-9A1E7A4F7556}") = "01-异常处理", "01-异常处理\01-异常处理.csproj", "{14500E77-8B8D-44F0-BD95-9C7EC3994122}"
EndProject
Project("{FAE04EC0-301F-11D3-BF4B-00C04F79EFBC}") = "02-Switch Case", "02-Switch Case\02-Switch Case.csproj", "{B496BCA0-BD39-4FD7-97AF-A0F7BC79DDDC}"
EndProject
Global
	GlobalSection(SolutionConfigurationPlatforms) = preSolution
		Debug|Any CPU = Debug|Any CPU
		Release|Any CPU = Release|Any CPU
	EndGlobalSection
	GlobalSection(ProjectConfigurationPlatforms) = postSolution
		{14500E77-8B8D-44F0-BD95-9C7EC3994122}.Debug|Any CPU.ActiveCfg = Debug|Any CPU
		{14500E77-8B8D-44F0-BD95-9C7EC3994122}.Debug|Any CPU.Build.0 = Debug|Any CPU
		{14500E77-8B8D-44F0-BD95-9C7EC3994122}.Release|Any CPU.ActiveCfg = Release|Any CPU
		{14500E77-8B8D-44F0-BD95-9C7EC3994122}.Release|Any CPU.Build.0 = Release|Any CPU
		{B496BCA0-BD39-4FD7-97AF-A0F7BC79DDDC}.Debug|Any CPU.ActiveCfg = Debug|Any CPU
		{B496BCA0-BD39-4FD7-97AF-A0F7BC79DDDC}.Debug|Any CPU.Build.0 = Debug|Any CPU
		{B496BCA0-BD39-4FD7-97AF-A0F7BC79DDDC}.Release|Any CPU.ActiveCfg = Release|Any CPU
		{B496BCA0-BD39-4FD7-97AF-A0F7BC79DDDC}.Release|Any CPU.Build.0 = Release|Any CPU
	EndGlobalSection
	GlobalSection(SolutionProperties) = preSolution
		HideSolutionNode = FALSE
	EndGlobalSection
	GlobalSection(ExtensibilityGlobals) = postSolution
		SolutionGuid = {706FF1B4-EFCA-4100-AD28-CF4058BA6999}
	EndGlobalSection
EndGlobal
