
Microsoft Visual Studio Solution File, Format Version 12.00
# Visual Studio Version 16
VisualStudioVersion = 16.0.31105.61
MinimumVisualStudioVersion = 10.0.40219.1
Project("{9A19103F-16F7-4668-BE54-9A1E7A4F7556}") = "01-异常处理", "01-异常处理\01-异常处理.csproj", "{14500E77-8B8D-44F0-BD95-9C7EC3994122}"
EndProject
Project("{9A19103F-16F7-4668-BE54-9A1E7A4F7556}") = "02-Switch Case", "02-Switch Case\02-Switch Case.csproj", "{B496BCA0-BD39-4FD7-97AF-A0F7BC79DDDC}"
EndProject
Project("{9A19103F-16F7-4668-BE54-9A1E7A4F7556}") = "03-while循环", "03-while循环\03-while循环.csproj", "{ABC631E8-FE6D-4DF4-9270-0E5BE0809F17}"
EndProject
Project("{9A19103F-16F7-4668-BE54-9A1E7A4F7556}") = "04-break", "04-break\04-break.csproj", "{A6E41448-8459-45EC-8763-3A8569AFCC43}"
EndProject
Project("{9A19103F-16F7-4668-BE54-9A1E7A4F7556}") = "while-break作业", "while-break作业\while-break作业.csproj", "{CB9D58FC-2885-416C-A4F3-9897F8F5FB3E}"
EndProject
Project("{9A19103F-16F7-4668-BE54-9A1E7A4F7556}") = "05-continue", "05-continue\05-continue.csproj", "{6750A0BE-EDDF-40CA-BE7C-E9C39C9753D2}"
EndProject
Project("{9A19103F-16F7-4668-BE54-9A1E7A4F7556}") = "06-for循环", "06-for循环\06-for循环.csproj", "{538954ED-BB81-4903-9E96-88D35223F657}"
EndProject
Project("{FAE04EC0-301F-11D3-BF4B-00C04F79EFBC}") = "for练习", "for练习\for练习.csproj", "{52AB35A1-52E2-4227-B92F-974907214DD6}"
EndProject
Global
	GlobalSection(SolutionConfigurationPlatforms) = preSolution
		Debug|Any CPU = Debug|Any CPU
		Release|Any CPU = Release|Any CPU
	EndGlobalSection
	GlobalSection(ProjectConfigurationPlatforms) = postSolution
		{14500E77-8B8D-44F0-BD95-9C7EC3994122}.Debug|Any CPU.ActiveCfg = Debug|Any CPU
		{14500E77-8B8D-44F0-BD95-9C7EC3994122}.Debug|Any CPU.Build.0 = Debug|Any CPU
		{14500E77-8B8D-44F0-BD95-9C7EC3994122}.Release|Any CPU.ActiveCfg = Release|Any CPU
		{14500E77-8B8D-44F0-BD95-9C7EC3994122}.Release|Any CPU.Build.0 = Release|Any CPU
		{B496BCA0-BD39-4FD7-97AF-A0F7BC79DDDC}.Debug|Any CPU.ActiveCfg = Debug|Any CPU
		{B496BCA0-BD39-4FD7-97AF-A0F7BC79DDDC}.Debug|Any CPU.Build.0 = Debug|Any CPU
		{B496BCA0-BD39-4FD7-97AF-A0F7BC79DDDC}.Release|Any CPU.ActiveCfg = Release|Any CPU
		{B496BCA0-BD39-4FD7-97AF-A0F7BC79DDDC}.Release|Any CPU.Build.0 = Release|Any CPU
		{ABC631E8-FE6D-4DF4-9270-0E5BE0809F17}.Debug|Any CPU.ActiveCfg = Debug|Any CPU
		{ABC631E8-FE6D-4DF4-9270-0E5BE0809F17}.Debug|Any CPU.Build.0 = Debug|Any CPU
		{ABC631E8-FE6D-4DF4-9270-0E5BE0809F17}.Release|Any CPU.ActiveCfg = Release|Any CPU
		{ABC631E8-FE6D-4DF4-9270-0E5BE0809F17}.Release|Any CPU.Build.0 = Release|Any CPU
		{A6E41448-8459-45EC-8763-3A8569AFCC43}.Debug|Any CPU.ActiveCfg = Debug|Any CPU
		{A6E41448-8459-45EC-8763-3A8569AFCC43}.Debug|Any CPU.Build.0 = Debug|Any CPU
		{A6E41448-8459-45EC-8763-3A8569AFCC43}.Release|Any CPU.ActiveCfg = Release|Any CPU
		{A6E41448-8459-45EC-8763-3A8569AFCC43}.Release|Any CPU.Build.0 = Release|Any CPU
		{CB9D58FC-2885-416C-A4F3-9897F8F5FB3E}.Debug|Any CPU.ActiveCfg = Debug|Any CPU
		{CB9D58FC-2885-416C-A4F3-9897F8F5FB3E}.Debug|Any CPU.Build.0 = Debug|Any CPU
		{CB9D58FC-2885-416C-A4F3-9897F8F5FB3E}.Release|Any CPU.ActiveCfg = Release|Any CPU
		{CB9D58FC-2885-416C-A4F3-9897F8F5FB3E}.Release|Any CPU.Build.0 = Release|Any CPU
		{6750A0BE-EDDF-40CA-BE7C-E9C39C9753D2}.Debug|Any CPU.ActiveCfg = Debug|Any CPU
		{6750A0BE-EDDF-40CA-BE7C-E9C39C9753D2}.Debug|Any CPU.Build.0 = Debug|Any CPU
		{6750A0BE-EDDF-40CA-BE7C-E9C39C9753D2}.Release|Any CPU.ActiveCfg = Release|Any CPU
		{6750A0BE-EDDF-40CA-BE7C-E9C39C9753D2}.Release|Any CPU.Build.0 = Release|Any CPU
		{538954ED-BB81-4903-9E96-88D35223F657}.Debug|Any CPU.ActiveCfg = Debug|Any CPU
		{538954ED-BB81-4903-9E96-88D35223F657}.Debug|Any CPU.Build.0 = Debug|Any CPU
		{538954ED-BB81-4903-9E96-88D35223F657}.Release|Any CPU.ActiveCfg = Release|Any CPU
		{538954ED-BB81-4903-9E96-88D35223F657}.Release|Any CPU.Build.0 = Release|Any CPU
		{52AB35A1-52E2-4227-B92F-974907214DD6}.Debug|Any CPU.ActiveCfg = Debug|Any CPU
		{52AB35A1-52E2-4227-B92F-974907214DD6}.Debug|Any CPU.Build.0 = Debug|Any CPU
		{52AB35A1-52E2-4227-B92F-974907214DD6}.Release|Any CPU.ActiveCfg = Release|Any CPU
		{52AB35A1-52E2-4227-B92F-974907214DD6}.Release|Any CPU.Build.0 = Release|Any CPU
	EndGlobalSection
	GlobalSection(SolutionProperties) = preSolution
		HideSolutionNode = FALSE
	EndGlobalSection
	GlobalSection(ExtensibilityGlobals) = postSolution
		SolutionGuid = {706FF1B4-EFCA-4100-AD28-CF4058BA6999}
	EndGlobalSection
EndGlobal
