
Microsoft Visual Studio Solution File, Format Version 12.00
# Visual Studio Version 17
VisualStudioVersion = 17.0.32014.148
MinimumVisualStudioVersion = 10.0.40219.1
Project("{FAE04EC0-301F-11D3-BF4B-00C04F79EFBC}") = "SocketServer", "SocketServer\SocketServer.csproj", "{02AD3A08-86CB-4F32-800E-B3E735537B29}"
EndProject
Global
	GlobalSection(SolutionConfigurationPlatforms) = preSolution
		Debug|Any CPU = Debug|Any CPU
		Release|Any CPU = Release|Any CPU
	EndGlobalSection
	GlobalSection(ProjectConfigurationPlatforms) = postSolution
		{02AD3A08-86CB-4F32-800E-B3E735537B29}.Debug|Any CPU.ActiveCfg = Debug|Any CPU
		{02AD3A08-86CB-4F32-800E-B3E735537B29}.Debug|Any CPU.Build.0 = Debug|Any CPU
		{02AD3A08-86CB-4F32-800E-B3E735537B29}.Release|Any CPU.ActiveCfg = Release|Any CPU
		{02AD3A08-86CB-4F32-800E-B3E735537B29}.Release|Any CPU.Build.0 = Release|Any CPU
	EndGlobalSection
	GlobalSection(SolutionProperties) = preSolution
		HideSolutionNode = FALSE
	EndGlobalSection
	GlobalSection(ExtensibilityGlobals) = postSolution
		SolutionGuid = {E41313BC-C547-4601-8987-3E300D11EABC}
	EndGlobalSection
EndGlobal
