
Microsoft Visual Studio Solution File, Format Version 12.00
# Visual Studio Version 17
VisualStudioVersion = 17.0.31903.59
MinimumVisualStudioVersion = 10.0.40219.1
Project("{9A19103F-16F7-4668-BE54-9A1E7A4F7556}") = "01-命名空间", "01-命名空间\01-命名空间.csproj", "{3B6A35B8-1876-4CE9-B991-E5B1B2A17AFE}"
EndProject
Project("{9A19103F-16F7-4668-BE54-9A1E7A4F7556}") = "Case", "Case\Case.csproj", "{79E39C9E-81B2-42FB-9311-BA422A4A95AB}"
EndProject
Project("{9A19103F-16F7-4668-BE54-9A1E7A4F7556}") = "02-字符串", "02-字符串\02-字符串.csproj", "{9B021D1D-0D6A-41E1-A98A-FFD5508E6107}"
EndProject
Project("{9A19103F-16F7-4668-BE54-9A1E7A4F7556}") = "03-String Builder(SB)", "03-String Builder(SB)\03-String Builder(SB).csproj", "{313D50A2-6498-4558-89FB-C7061F777CA5}"
EndProject
Project("{9A19103F-16F7-4668-BE54-9A1E7A4F7556}") = "04-字符串的方法", "04-字符串的方法\04-字符串的方法.csproj", "{3DA471D3-BE6D-4FAF-9B2E-264A04FB280B}"
EndProject
Project("{9A19103F-16F7-4668-BE54-9A1E7A4F7556}") = "练习", "练习\练习.csproj", "{1D964A68-5035-4E52-BFDA-8C12BEB9195D}"
EndProject
Project("{9A19103F-16F7-4668-BE54-9A1E7A4F7556}") = "05-继承", "05-继承\05-继承.csproj", "{5CDEEFBA-AFEA-4550-BDDE-E5C312D26578}"
EndProject
Project("{9A19103F-16F7-4668-BE54-9A1E7A4F7556}") = "06-在new中隐藏父类成员", "06-在new中隐藏父类成员\06-在new中隐藏父类成员.csproj", "{149B2B39-B3B1-4C79-9726-B3D966412755}"
EndProject
Project("{9A19103F-16F7-4668-BE54-9A1E7A4F7556}") = "07-里氏转换", "07-里氏转换\07-里氏转换.csproj", "{35E3F358-6016-4931-93F2-5D1C599E33C2}"
EndProject
Project("{9A19103F-16F7-4668-BE54-9A1E7A4F7556}") = "里氏转换练习", "里氏转换练习\里氏转换练习.csproj", "{AA838D81-B564-4168-9B70-778A636343AE}"
EndProject
Project("{9A19103F-16F7-4668-BE54-9A1E7A4F7556}") = "08-protected", "08-protected\08-protected.csproj", "{23990287-B404-4175-B255-D4E66F44E2F2}"
EndProject
Project("{9A19103F-16F7-4668-BE54-9A1E7A4F7556}") = "09-ArrayList", "09-ArrayList\09-ArrayList.csproj", "{01C9CDE4-3E73-4C93-9345-E1D667A9822A}"
EndProject
Project("{9A19103F-16F7-4668-BE54-9A1E7A4F7556}") = "10-ArrayList集合长度", "10-ArrayList集合长度\10-ArrayList集合长度.csproj", "{A5538333-8BD1-490E-B55F-E7E7F2DFC852}"
EndProject
Project("{9A19103F-16F7-4668-BE54-9A1E7A4F7556}") = "ArrayList练习", "ArrayList练习\ArrayList练习.csproj", "{6C84C167-87BA-48F7-A3C1-F16762186558}"
EndProject
Project("{9A19103F-16F7-4668-BE54-9A1E7A4F7556}") = "11-HashTable", "11-HashTable\11-HashTable.csproj", "{4CA720CC-829B-479E-A086-4F1CFA61AA60}"
EndProject
Project("{9A19103F-16F7-4668-BE54-9A1E7A4F7556}") = "12-Path_Class", "12-Path_Class\12-Path_Class.csproj", "{1A0969D8-21AC-42B3-9191-DF891C1DE8E5}"
EndProject
Project("{9A19103F-16F7-4668-BE54-9A1E7A4F7556}") = "13-File_Class", "13-File_Class\13-File_Class.csproj", "{FF7FAC57-3DFA-4230-8C29-CEE4E1F08E75}"
EndProject
Project("{FAE04EC0-301F-11D3-BF4B-00C04F79EFBC}") = "14-List集合", "14-List集合\14-List集合.csproj", "{D2F75697-2601-4138-BCBC-5090BA00B86F}"
EndProject
Global
	GlobalSection(SolutionConfigurationPlatforms) = preSolution
		Debug|Any CPU = Debug|Any CPU
		Release|Any CPU = Release|Any CPU
	EndGlobalSection
	GlobalSection(ProjectConfigurationPlatforms) = postSolution
		{3B6A35B8-1876-4CE9-B991-E5B1B2A17AFE}.Debug|Any CPU.ActiveCfg = Debug|Any CPU
		{3B6A35B8-1876-4CE9-B991-E5B1B2A17AFE}.Debug|Any CPU.Build.0 = Debug|Any CPU
		{3B6A35B8-1876-4CE9-B991-E5B1B2A17AFE}.Release|Any CPU.ActiveCfg = Release|Any CPU
		{3B6A35B8-1876-4CE9-B991-E5B1B2A17AFE}.Release|Any CPU.Build.0 = Release|Any CPU
		{79E39C9E-81B2-42FB-9311-BA422A4A95AB}.Debug|Any CPU.ActiveCfg = Debug|Any CPU
		{79E39C9E-81B2-42FB-9311-BA422A4A95AB}.Debug|Any CPU.Build.0 = Debug|Any CPU
		{79E39C9E-81B2-42FB-9311-BA422A4A95AB}.Release|Any CPU.ActiveCfg = Release|Any CPU
		{79E39C9E-81B2-42FB-9311-BA422A4A95AB}.Release|Any CPU.Build.0 = Release|Any CPU
		{9B021D1D-0D6A-41E1-A98A-FFD5508E6107}.Debug|Any CPU.ActiveCfg = Debug|Any CPU
		{9B021D1D-0D6A-41E1-A98A-FFD5508E6107}.Debug|Any CPU.Build.0 = Debug|Any CPU
		{9B021D1D-0D6A-41E1-A98A-FFD5508E6107}.Release|Any CPU.ActiveCfg = Release|Any CPU
		{9B021D1D-0D6A-41E1-A98A-FFD5508E6107}.Release|Any CPU.Build.0 = Release|Any CPU
		{313D50A2-6498-4558-89FB-C7061F777CA5}.Debug|Any CPU.ActiveCfg = Debug|Any CPU
		{313D50A2-6498-4558-89FB-C7061F777CA5}.Debug|Any CPU.Build.0 = Debug|Any CPU
		{313D50A2-6498-4558-89FB-C7061F777CA5}.Release|Any CPU.ActiveCfg = Release|Any CPU
		{313D50A2-6498-4558-89FB-C7061F777CA5}.Release|Any CPU.Build.0 = Release|Any CPU
		{3DA471D3-BE6D-4FAF-9B2E-264A04FB280B}.Debug|Any CPU.ActiveCfg = Debug|Any CPU
		{3DA471D3-BE6D-4FAF-9B2E-264A04FB280B}.Debug|Any CPU.Build.0 = Debug|Any CPU
		{3DA471D3-BE6D-4FAF-9B2E-264A04FB280B}.Release|Any CPU.ActiveCfg = Release|Any CPU
		{3DA471D3-BE6D-4FAF-9B2E-264A04FB280B}.Release|Any CPU.Build.0 = Release|Any CPU
		{1D964A68-5035-4E52-BFDA-8C12BEB9195D}.Debug|Any CPU.ActiveCfg = Debug|Any CPU
		{1D964A68-5035-4E52-BFDA-8C12BEB9195D}.Debug|Any CPU.Build.0 = Debug|Any CPU
		{1D964A68-5035-4E52-BFDA-8C12BEB9195D}.Release|Any CPU.ActiveCfg = Release|Any CPU
		{1D964A68-5035-4E52-BFDA-8C12BEB9195D}.Release|Any CPU.Build.0 = Release|Any CPU
		{5CDEEFBA-AFEA-4550-BDDE-E5C312D26578}.Debug|Any CPU.ActiveCfg = Debug|Any CPU
		{5CDEEFBA-AFEA-4550-BDDE-E5C312D26578}.Debug|Any CPU.Build.0 = Debug|Any CPU
		{5CDEEFBA-AFEA-4550-BDDE-E5C312D26578}.Release|Any CPU.ActiveCfg = Release|Any CPU
		{5CDEEFBA-AFEA-4550-BDDE-E5C312D26578}.Release|Any CPU.Build.0 = Release|Any CPU
		{149B2B39-B3B1-4C79-9726-B3D966412755}.Debug|Any CPU.ActiveCfg = Debug|Any CPU
		{149B2B39-B3B1-4C79-9726-B3D966412755}.Debug|Any CPU.Build.0 = Debug|Any CPU
		{149B2B39-B3B1-4C79-9726-B3D966412755}.Release|Any CPU.ActiveCfg = Release|Any CPU
		{149B2B39-B3B1-4C79-9726-B3D966412755}.Release|Any CPU.Build.0 = Release|Any CPU
		{35E3F358-6016-4931-93F2-5D1C599E33C2}.Debug|Any CPU.ActiveCfg = Debug|Any CPU
		{35E3F358-6016-4931-93F2-5D1C599E33C2}.Debug|Any CPU.Build.0 = Debug|Any CPU
		{35E3F358-6016-4931-93F2-5D1C599E33C2}.Release|Any CPU.ActiveCfg = Release|Any CPU
		{35E3F358-6016-4931-93F2-5D1C599E33C2}.Release|Any CPU.Build.0 = Release|Any CPU
		{AA838D81-B564-4168-9B70-778A636343AE}.Debug|Any CPU.ActiveCfg = Debug|Any CPU
		{AA838D81-B564-4168-9B70-778A636343AE}.Debug|Any CPU.Build.0 = Debug|Any CPU
		{AA838D81-B564-4168-9B70-778A636343AE}.Release|Any CPU.ActiveCfg = Release|Any CPU
		{AA838D81-B564-4168-9B70-778A636343AE}.Release|Any CPU.Build.0 = Release|Any CPU
		{23990287-B404-4175-B255-D4E66F44E2F2}.Debug|Any CPU.ActiveCfg = Debug|Any CPU
		{23990287-B404-4175-B255-D4E66F44E2F2}.Debug|Any CPU.Build.0 = Debug|Any CPU
		{23990287-B404-4175-B255-D4E66F44E2F2}.Release|Any CPU.ActiveCfg = Release|Any CPU
		{23990287-B404-4175-B255-D4E66F44E2F2}.Release|Any CPU.Build.0 = Release|Any CPU
		{01C9CDE4-3E73-4C93-9345-E1D667A9822A}.Debug|Any CPU.ActiveCfg = Debug|Any CPU
		{01C9CDE4-3E73-4C93-9345-E1D667A9822A}.Debug|Any CPU.Build.0 = Debug|Any CPU
		{01C9CDE4-3E73-4C93-9345-E1D667A9822A}.Release|Any CPU.ActiveCfg = Release|Any CPU
		{01C9CDE4-3E73-4C93-9345-E1D667A9822A}.Release|Any CPU.Build.0 = Release|Any CPU
		{A5538333-8BD1-490E-B55F-E7E7F2DFC852}.Debug|Any CPU.ActiveCfg = Debug|Any CPU
		{A5538333-8BD1-490E-B55F-E7E7F2DFC852}.Debug|Any CPU.Build.0 = Debug|Any CPU
		{A5538333-8BD1-490E-B55F-E7E7F2DFC852}.Release|Any CPU.ActiveCfg = Release|Any CPU
		{A5538333-8BD1-490E-B55F-E7E7F2DFC852}.Release|Any CPU.Build.0 = Release|Any CPU
		{6C84C167-87BA-48F7-A3C1-F16762186558}.Debug|Any CPU.ActiveCfg = Debug|Any CPU
		{6C84C167-87BA-48F7-A3C1-F16762186558}.Debug|Any CPU.Build.0 = Debug|Any CPU
		{6C84C167-87BA-48F7-A3C1-F16762186558}.Release|Any CPU.ActiveCfg = Release|Any CPU
		{6C84C167-87BA-48F7-A3C1-F16762186558}.Release|Any CPU.Build.0 = Release|Any CPU
		{4CA720CC-829B-479E-A086-4F1CFA61AA60}.Debug|Any CPU.ActiveCfg = Debug|Any CPU
		{4CA720CC-829B-479E-A086-4F1CFA61AA60}.Debug|Any CPU.Build.0 = Debug|Any CPU
		{4CA720CC-829B-479E-A086-4F1CFA61AA60}.Release|Any CPU.ActiveCfg = Release|Any CPU
		{4CA720CC-829B-479E-A086-4F1CFA61AA60}.Release|Any CPU.Build.0 = Release|Any CPU
		{1A0969D8-21AC-42B3-9191-DF891C1DE8E5}.Debug|Any CPU.ActiveCfg = Debug|Any CPU
		{1A0969D8-21AC-42B3-9191-DF891C1DE8E5}.Debug|Any CPU.Build.0 = Debug|Any CPU
		{1A0969D8-21AC-42B3-9191-DF891C1DE8E5}.Release|Any CPU.ActiveCfg = Release|Any CPU
		{1A0969D8-21AC-42B3-9191-DF891C1DE8E5}.Release|Any CPU.Build.0 = Release|Any CPU
		{FF7FAC57-3DFA-4230-8C29-CEE4E1F08E75}.Debug|Any CPU.ActiveCfg = Debug|Any CPU
		{FF7FAC57-3DFA-4230-8C29-CEE4E1F08E75}.Debug|Any CPU.Build.0 = Debug|Any CPU
		{FF7FAC57-3DFA-4230-8C29-CEE4E1F08E75}.Release|Any CPU.ActiveCfg = Release|Any CPU
		{FF7FAC57-3DFA-4230-8C29-CEE4E1F08E75}.Release|Any CPU.Build.0 = Release|Any CPU
		{D2F75697-2601-4138-BCBC-5090BA00B86F}.Debug|Any CPU.ActiveCfg = Debug|Any CPU
		{D2F75697-2601-4138-BCBC-5090BA00B86F}.Debug|Any CPU.Build.0 = Debug|Any CPU
		{D2F75697-2601-4138-BCBC-5090BA00B86F}.Release|Any CPU.ActiveCfg = Release|Any CPU
		{D2F75697-2601-4138-BCBC-5090BA00B86F}.Release|Any CPU.Build.0 = Release|Any CPU
	EndGlobalSection
	GlobalSection(SolutionProperties) = preSolution
		HideSolutionNode = FALSE
	EndGlobalSection
	GlobalSection(ExtensibilityGlobals) = postSolution
		SolutionGuid = {AE7D984C-D692-4AFC-84BC-7DB670D9ECF2}
	EndGlobalSection
EndGlobal
