
Microsoft Visual Studio Solution File, Format Version 12.00
# Visual Studio Version 17
VisualStudioVersion = 17.0.32014.148
MinimumVisualStudioVersion = 10.0.40219.1
Project("{9A19103F-16F7-4668-BE54-9A1E7A4F7556}") = "01-装箱与拆箱", "01-装箱与拆箱\01-装箱与拆箱.csproj", "{3F0A1D6B-DC2F-44A8-9D51-A8CFD13194B2}"
EndProject
Project("{FAE04EC0-301F-11D3-BF4B-00C04F79EFBC}") = "02-Dictionary字典", "02-Dictionary字典\02-Dictionary字典.csproj", "{F7D2EE3D-8EC6-437C-8E40-36F9D91BBA8C}"
EndProject
Project("{FAE04EC0-301F-11D3-BF4B-00C04F79EFBC}") = "集合小题目", "集合小题目\集合小题目.csproj", "{3752EBC6-7F19-406D-877E-8120F238A559}"
EndProject
Global
	GlobalSection(SolutionConfigurationPlatforms) = preSolution
		Debug|Any CPU = Debug|Any CPU
		Release|Any CPU = Release|Any CPU
	EndGlobalSection
	GlobalSection(ProjectConfigurationPlatforms) = postSolution
		{3F0A1D6B-DC2F-44A8-9D51-A8CFD13194B2}.Debug|Any CPU.ActiveCfg = Debug|Any CPU
		{3F0A1D6B-DC2F-44A8-9D51-A8CFD13194B2}.Debug|Any CPU.Build.0 = Debug|Any CPU
		{3F0A1D6B-DC2F-44A8-9D51-A8CFD13194B2}.Release|Any CPU.ActiveCfg = Release|Any CPU
		{3F0A1D6B-DC2F-44A8-9D51-A8CFD13194B2}.Release|Any CPU.Build.0 = Release|Any CPU
		{F7D2EE3D-8EC6-437C-8E40-36F9D91BBA8C}.Debug|Any CPU.ActiveCfg = Debug|Any CPU
		{F7D2EE3D-8EC6-437C-8E40-36F9D91BBA8C}.Debug|Any CPU.Build.0 = Debug|Any CPU
		{F7D2EE3D-8EC6-437C-8E40-36F9D91BBA8C}.Release|Any CPU.ActiveCfg = Release|Any CPU
		{F7D2EE3D-8EC6-437C-8E40-36F9D91BBA8C}.Release|Any CPU.Build.0 = Release|Any CPU
		{3752EBC6-7F19-406D-877E-8120F238A559}.Debug|Any CPU.ActiveCfg = Debug|Any CPU
		{3752EBC6-7F19-406D-877E-8120F238A559}.Debug|Any CPU.Build.0 = Debug|Any CPU
		{3752EBC6-7F19-406D-877E-8120F238A559}.Release|Any CPU.ActiveCfg = Release|Any CPU
		{3752EBC6-7F19-406D-877E-8120F238A559}.Release|Any CPU.Build.0 = Release|Any CPU
	EndGlobalSection
	GlobalSection(SolutionProperties) = preSolution
		HideSolutionNode = FALSE
	EndGlobalSection
	GlobalSection(ExtensibilityGlobals) = postSolution
		SolutionGuid = {3E90EC50-C31C-495E-87FD-B168760EF10F}
	EndGlobalSection
EndGlobal
