
Microsoft Visual Studio Solution File, Format Version 12.00
# Visual Studio Version 17
VisualStudioVersion = 17.0.31903.59
MinimumVisualStudioVersion = 10.0.40219.1
Project("{9A19103F-16F7-4668-BE54-9A1E7A4F7556}") = "01-基础的面向对象项目", "01-基础的面向对象项目\01-基础的面向对象项目.csproj", "{6BEF6649-4F29-4B16-AF43-2C4B24CA8FE2}"
EndProject
Project("{9A19103F-16F7-4668-BE54-9A1E7A4F7556}") = "02-静态函数和函数", "02-静态函数和函数\02-静态函数和函数.csproj", "{8EF9E23A-F20D-4D2E-9A9D-19C69B1BCE3C}"
EndProject
Project("{9A19103F-16F7-4668-BE54-9A1E7A4F7556}") = "03-面向对象练习", "03-面向对象练习\03-面向对象练习.csproj", "{9B06BD2B-9F33-4B2E-9778-D02F980C053D}"
EndProject
Project("{FAE04EC0-301F-11D3-BF4B-00C04F79EFBC}") = "04-构造函数与析构函数", "04-构造函数与析构函数\04-构造函数与析构函数.csproj", "{036FB430-4538-4ACA-A520-B944210D4FC5}"
EndProject
Global
	GlobalSection(SolutionConfigurationPlatforms) = preSolution
		Debug|Any CPU = Debug|Any CPU
		Release|Any CPU = Release|Any CPU
	EndGlobalSection
	GlobalSection(ProjectConfigurationPlatforms) = postSolution
		{6BEF6649-4F29-4B16-AF43-2C4B24CA8FE2}.Debug|Any CPU.ActiveCfg = Debug|Any CPU
		{6BEF6649-4F29-4B16-AF43-2C4B24CA8FE2}.Debug|Any CPU.Build.0 = Debug|Any CPU
		{6BEF6649-4F29-4B16-AF43-2C4B24CA8FE2}.Release|Any CPU.ActiveCfg = Release|Any CPU
		{6BEF6649-4F29-4B16-AF43-2C4B24CA8FE2}.Release|Any CPU.Build.0 = Release|Any CPU
		{8EF9E23A-F20D-4D2E-9A9D-19C69B1BCE3C}.Debug|Any CPU.ActiveCfg = Debug|Any CPU
		{8EF9E23A-F20D-4D2E-9A9D-19C69B1BCE3C}.Debug|Any CPU.Build.0 = Debug|Any CPU
		{8EF9E23A-F20D-4D2E-9A9D-19C69B1BCE3C}.Release|Any CPU.ActiveCfg = Release|Any CPU
		{8EF9E23A-F20D-4D2E-9A9D-19C69B1BCE3C}.Release|Any CPU.Build.0 = Release|Any CPU
		{9B06BD2B-9F33-4B2E-9778-D02F980C053D}.Debug|Any CPU.ActiveCfg = Debug|Any CPU
		{9B06BD2B-9F33-4B2E-9778-D02F980C053D}.Debug|Any CPU.Build.0 = Debug|Any CPU
		{9B06BD2B-9F33-4B2E-9778-D02F980C053D}.Release|Any CPU.ActiveCfg = Release|Any CPU
		{9B06BD2B-9F33-4B2E-9778-D02F980C053D}.Release|Any CPU.Build.0 = Release|Any CPU
		{036FB430-4538-4ACA-A520-B944210D4FC5}.Debug|Any CPU.ActiveCfg = Debug|Any CPU
		{036FB430-4538-4ACA-A520-B944210D4FC5}.Debug|Any CPU.Build.0 = Debug|Any CPU
		{036FB430-4538-4ACA-A520-B944210D4FC5}.Release|Any CPU.ActiveCfg = Release|Any CPU
		{036FB430-4538-4ACA-A520-B944210D4FC5}.Release|Any CPU.Build.0 = Release|Any CPU
	EndGlobalSection
	GlobalSection(SolutionProperties) = preSolution
		HideSolutionNode = FALSE
	EndGlobalSection
	GlobalSection(ExtensibilityGlobals) = postSolution
		SolutionGuid = {290BEA87-FB04-4AD7-8909-8BB029F21512}
	EndGlobalSection
EndGlobal
