
Microsoft Visual Studio Solution File, Format Version 12.00
# Visual Studio Version 16
VisualStudioVersion = 16.0.31229.75
MinimumVisualStudioVersion = 10.0.40219.1
Project("{9A19103F-16F7-4668-BE54-9A1E7A4F7556}") = "01-复习", "01-复习\01-复习.csproj", "{F699A9E8-302D-4737-9F3C-91CB01154139}"
EndProject
Project("{9A19103F-16F7-4668-BE54-9A1E7A4F7556}") = "02-方法的调用问题", "02-方法的调用问题\02-方法的调用问题.csproj", "{900925BC-BE12-47ED-8104-5DC07671EF78}"
EndProject
Project("{9A19103F-16F7-4668-BE54-9A1E7A4F7556}") = "方法的练习", "方法的练习\方法的练习.csproj", "{312CB925-9D8F-43AA-8A44-B2E6C0B79D8B}"
EndProject
Project("{9A19103F-16F7-4668-BE54-9A1E7A4F7556}") = "03-out参数", "03-out参数\03-out参数.csproj", "{DB0FB17D-222D-486C-888D-2995C8D2D68C}"
EndProject
Project("{9A19103F-16F7-4668-BE54-9A1E7A4F7556}") = "out练习", "out练习\out练习.csproj", "{126B101D-F9D7-48C2-8DEC-67395450419D}"
EndProject
Project("{FAE04EC0-301F-11D3-BF4B-00C04F79EFBC}") = "TryParse实现", "TryParse实现\TryParse实现.csproj", "{4D760E26-78ED-4E62-8A2C-23790E05FE1B}"
EndProject
Project("{FAE04EC0-301F-11D3-BF4B-00C04F79EFBC}") = "04-ref参数", "04-ref参数\04-ref参数.csproj", "{F280FCF1-6728-4F0D-8D2F-A967E18591AC}"
EndProject
Project("{FAE04EC0-301F-11D3-BF4B-00C04F79EFBC}") = "ref练习", "ref练习\ref练习.csproj", "{2D7D5088-7292-418A-AE7F-84DAFD4665F4}"
EndProject
Global
	GlobalSection(SolutionConfigurationPlatforms) = preSolution
		Debug|Any CPU = Debug|Any CPU
		Release|Any CPU = Release|Any CPU
	EndGlobalSection
	GlobalSection(ProjectConfigurationPlatforms) = postSolution
		{F699A9E8-302D-4737-9F3C-91CB01154139}.Debug|Any CPU.ActiveCfg = Debug|Any CPU
		{F699A9E8-302D-4737-9F3C-91CB01154139}.Debug|Any CPU.Build.0 = Debug|Any CPU
		{F699A9E8-302D-4737-9F3C-91CB01154139}.Release|Any CPU.ActiveCfg = Release|Any CPU
		{F699A9E8-302D-4737-9F3C-91CB01154139}.Release|Any CPU.Build.0 = Release|Any CPU
		{900925BC-BE12-47ED-8104-5DC07671EF78}.Debug|Any CPU.ActiveCfg = Debug|Any CPU
		{900925BC-BE12-47ED-8104-5DC07671EF78}.Debug|Any CPU.Build.0 = Debug|Any CPU
		{900925BC-BE12-47ED-8104-5DC07671EF78}.Release|Any CPU.ActiveCfg = Release|Any CPU
		{900925BC-BE12-47ED-8104-5DC07671EF78}.Release|Any CPU.Build.0 = Release|Any CPU
		{312CB925-9D8F-43AA-8A44-B2E6C0B79D8B}.Debug|Any CPU.ActiveCfg = Debug|Any CPU
		{312CB925-9D8F-43AA-8A44-B2E6C0B79D8B}.Debug|Any CPU.Build.0 = Debug|Any CPU
		{312CB925-9D8F-43AA-8A44-B2E6C0B79D8B}.Release|Any CPU.ActiveCfg = Release|Any CPU
		{312CB925-9D8F-43AA-8A44-B2E6C0B79D8B}.Release|Any CPU.Build.0 = Release|Any CPU
		{DB0FB17D-222D-486C-888D-2995C8D2D68C}.Debug|Any CPU.ActiveCfg = Debug|Any CPU
		{DB0FB17D-222D-486C-888D-2995C8D2D68C}.Debug|Any CPU.Build.0 = Debug|Any CPU
		{DB0FB17D-222D-486C-888D-2995C8D2D68C}.Release|Any CPU.ActiveCfg = Release|Any CPU
		{DB0FB17D-222D-486C-888D-2995C8D2D68C}.Release|Any CPU.Build.0 = Release|Any CPU
		{126B101D-F9D7-48C2-8DEC-67395450419D}.Debug|Any CPU.ActiveCfg = Debug|Any CPU
		{126B101D-F9D7-48C2-8DEC-67395450419D}.Debug|Any CPU.Build.0 = Debug|Any CPU
		{126B101D-F9D7-48C2-8DEC-67395450419D}.Release|Any CPU.ActiveCfg = Release|Any CPU
		{126B101D-F9D7-48C2-8DEC-67395450419D}.Release|Any CPU.Build.0 = Release|Any CPU
		{4D760E26-78ED-4E62-8A2C-23790E05FE1B}.Debug|Any CPU.ActiveCfg = Debug|Any CPU
		{4D760E26-78ED-4E62-8A2C-23790E05FE1B}.Debug|Any CPU.Build.0 = Debug|Any CPU
		{4D760E26-78ED-4E62-8A2C-23790E05FE1B}.Release|Any CPU.ActiveCfg = Release|Any CPU
		{4D760E26-78ED-4E62-8A2C-23790E05FE1B}.Release|Any CPU.Build.0 = Release|Any CPU
		{F280FCF1-6728-4F0D-8D2F-A967E18591AC}.Debug|Any CPU.ActiveCfg = Debug|Any CPU
		{F280FCF1-6728-4F0D-8D2F-A967E18591AC}.Debug|Any CPU.Build.0 = Debug|Any CPU
		{F280FCF1-6728-4F0D-8D2F-A967E18591AC}.Release|Any CPU.ActiveCfg = Release|Any CPU
		{F280FCF1-6728-4F0D-8D2F-A967E18591AC}.Release|Any CPU.Build.0 = Release|Any CPU
		{2D7D5088-7292-418A-AE7F-84DAFD4665F4}.Debug|Any CPU.ActiveCfg = Debug|Any CPU
		{2D7D5088-7292-418A-AE7F-84DAFD4665F4}.Debug|Any CPU.Build.0 = Debug|Any CPU
		{2D7D5088-7292-418A-AE7F-84DAFD4665F4}.Release|Any CPU.ActiveCfg = Release|Any CPU
		{2D7D5088-7292-418A-AE7F-84DAFD4665F4}.Release|Any CPU.Build.0 = Release|Any CPU
	EndGlobalSection
	GlobalSection(SolutionProperties) = preSolution
		HideSolutionNode = FALSE
	EndGlobalSection
	GlobalSection(ExtensibilityGlobals) = postSolution
		SolutionGuid = {1FB30900-4E19-464B-93F2-B9958B1DCF28}
	EndGlobalSection
EndGlobal
